
Microsoft Visual Studio Solution File, Format Version 12.00
# Visual Studio Version 17
VisualStudioVersion = 17.0.31903.59
MinimumVisualStudioVersion = 10.0.40219.1
Project("{FAE04EC0-301F-11D3-BF4B-00C04F79EFBC}") = "PaymentContext.Domain", "PaymentContext.Domain\PaymentContext.Domain.csproj", "{34485104-BB9D-4C2C-9D33-41712D2F9CD2}"
EndProject
Project("{FAE04EC0-301F-11D3-BF4B-00C04F79EFBC}") = "PaymentContext.Shared", "PaymentContext.Shared\PaymentContext.Shared.csproj", "{02261C52-79CB-4897-9E2B-91AD6FBFE7BA}"
EndProject
Project("{FAE04EC0-301F-11D3-BF4B-00C04F79EFBC}") = "PaymentContext.Tests", "PaymentContext.Tests\PaymentContext.Tests.csproj", "{0446C911-14CB-47A6-BDCC-343452AF937C}"
EndProject
Global
	GlobalSection(SolutionConfigurationPlatforms) = preSolution
		Debug|Any CPU = Debug|Any CPU
		Release|Any CPU = Release|Any CPU
	EndGlobalSection
	GlobalSection(SolutionProperties) = preSolution
		HideSolutionNode = FALSE
	EndGlobalSection
	GlobalSection(ProjectConfigurationPlatforms) = postSolution
		{34485104-BB9D-4C2C-9D33-41712D2F9CD2}.Debug|Any CPU.ActiveCfg = Debug|Any CPU
		{34485104-BB9D-4C2C-9D33-41712D2F9CD2}.Debug|Any CPU.Build.0 = Debug|Any CPU
		{34485104-BB9D-4C2C-9D33-41712D2F9CD2}.Release|Any CPU.ActiveCfg = Release|Any CPU
		{34485104-BB9D-4C2C-9D33-41712D2F9CD2}.Release|Any CPU.Build.0 = Release|Any CPU
		{02261C52-79CB-4897-9E2B-91AD6FBFE7BA}.Debug|Any CPU.ActiveCfg = Debug|Any CPU
		{02261C52-79CB-4897-9E2B-91AD6FBFE7BA}.Debug|Any CPU.Build.0 = Debug|Any CPU
		{02261C52-79CB-4897-9E2B-91AD6FBFE7BA}.Release|Any CPU.ActiveCfg = Release|Any CPU
		{02261C52-79CB-4897-9E2B-91AD6FBFE7BA}.Release|Any CPU.Build.0 = Release|Any CPU
		{0446C911-14CB-47A6-BDCC-343452AF937C}.Debug|Any CPU.ActiveCfg = Debug|Any CPU
		{0446C911-14CB-47A6-BDCC-343452AF937C}.Debug|Any CPU.Build.0 = Debug|Any CPU
		{0446C911-14CB-47A6-BDCC-343452AF937C}.Release|Any CPU.ActiveCfg = Release|Any CPU
		{0446C911-14CB-47A6-BDCC-343452AF937C}.Release|Any CPU.Build.0 = Release|Any CPU
	EndGlobalSection
EndGlobal
